// !$*UTF8*$!
{
	archiveVersion = 1;
	classes = {
	};
	objectVersion = 46;
	objects = {

/* Begin PBXBuildFile section */
		3ED828521CB8FD8600F67BB2 /* AppDelegate.swift in Sources */ = {isa = PBXBuildFile; fileRef = 3ED828511CB8FD8600F67BB2 /* AppDelegate.swift */; };
		3ED828541CB8FD8600F67BB2 /* ViewController.swift in Sources */ = {isa = PBXBuildFile; fileRef = 3ED828531CB8FD8600F67BB2 /* ViewController.swift */; };
		3ED828571CB8FD8600F67BB2 /* Main.storyboard in Resources */ = {isa = PBXBuildFile; fileRef = 3ED828551CB8FD8600F67BB2 /* Main.storyboard */; };
		3ED828591CB8FD8600F67BB2 /* Assets.xcassets in Resources */ = {isa = PBXBuildFile; fileRef = 3ED828581CB8FD8600F67BB2 /* Assets.xcassets */; };
		3ED8285C1CB8FD8600F67BB2 /* LaunchScreen.storyboard in Resources */ = {isa = PBXBuildFile; fileRef = 3ED8285A1CB8FD8600F67BB2 /* LaunchScreen.storyboard */; };
		3ED828651CB8FDB500F67BB2 /* CameraCaptureHelper.swift in Sources */ = {isa = PBXBuildFile; fileRef = 3ED828641CB8FDB500F67BB2 /* CameraCaptureHelper.swift */; };
		3ED828671CB8FDC900F67BB2 /* ImageView.swift in Sources */ = {isa = PBXBuildFile; fileRef = 3ED828661CB8FDC900F67BB2 /* ImageView.swift */; };
		3ED828691CB8FE9B00F67BB2 /* CausticRefraction.swift in Sources */ = {isa = PBXBuildFile; fileRef = 3ED828681CB8FE9B00F67BB2 /* CausticRefraction.swift */; };
/* End PBXBuildFile section */

/* Begin PBXFileReference section */
		3ED8284E1CB8FD8600F67BB2 /* NemoCam.app */ = {isa = PBXFileReference; explicitFileType = wrapper.application; includeInIndex = 0; path = NemoCam.app; sourceTree = BUILT_PRODUCTS_DIR; };
		3ED828511CB8FD8600F67BB2 /* AppDelegate.swift */ = {isa = PBXFileReference; lastKnownFileType = sourcecode.swift; path = AppDelegate.swift; sourceTree = "<group>"; };
		3ED828531CB8FD8600F67BB2 /* ViewController.swift */ = {isa = PBXFileReference; lastKnownFileType = sourcecode.swift; path = ViewController.swift; sourceTree = "<group>"; };
		3ED828561CB8FD8600F67BB2 /* Base */ = {isa = PBXFileReference; lastKnownFileType = file.storyboard; name = Base; path = Base.lproj/Main.storyboard; sourceTree = "<group>"; };
		3ED828581CB8FD8600F67BB2 /* Assets.xcassets */ = {isa = PBXFileReference; lastKnownFileType = folder.assetcatalog; path = Assets.xcassets; sourceTree = "<group>"; };
		3ED8285B1CB8FD8600F67BB2 /* Base */ = {isa = PBXFileReference; lastKnownFileType = file.storyboard; name = Base; path = Base.lproj/LaunchScreen.storyboard; sourceTree = "<group>"; };
		3ED8285D1CB8FD8600F67BB2 /* Info.plist */ = {isa = PBXFileReference; lastKnownFileType = text.plist.xml; path = Info.plist; sourceTree = "<group>"; };
		3ED828641CB8FDB500F67BB2 /* CameraCaptureHelper.swift */ = {isa = PBXFileReference; fileEncoding = 4; lastKnownFileType = sourcecode.swift; path = CameraCaptureHelper.swift; sourceTree = "<group>"; };
		3ED828661CB8FDC900F67BB2 /* ImageView.swift */ = {isa = PBXFileReference; fileEncoding = 4; lastKnownFileType = sourcecode.swift; path = ImageView.swift; sourceTree = "<group>"; };
		3ED828681CB8FE9B00F67BB2 /* CausticRefraction.swift */ = {isa = PBXFileReference; fileEncoding = 4; lastKnownFileType = sourcecode.swift; path = CausticRefraction.swift; sourceTree = "<group>"; };
/* End PBXFileReference section */

/* Begin PBXFrameworksBuildPhase section */
		3ED8284B1CB8FD8600F67BB2 /* Frameworks */ = {
			isa = PBXFrameworksBuildPhase;
			buildActionMask = 2147483647;
			files = (
			);
			runOnlyForDeploymentPostprocessing = 0;
		};
/* End PBXFrameworksBuildPhase section */

/* Begin PBXGroup section */
		3ED828451CB8FD8600F67BB2 = {
			isa = PBXGroup;
			children = (
				3ED828501CB8FD8600F67BB2 /* NemoCam */,
				3ED8284F1CB8FD8600F67BB2 /* Products */,
			);
			sourceTree = "<group>";
		};
		3ED8284F1CB8FD8600F67BB2 /* Products */ = {
			isa = PBXGroup;
			children = (
				3ED8284E1CB8FD8600F67BB2 /* NemoCam.app */,
			);
			name = Products;
			sourceTree = "<group>";
		};
		3ED828501CB8FD8600F67BB2 /* NemoCam */ = {
			isa = PBXGroup;
			children = (
				3ED828631CB8FDA600F67BB2 /* classes */,
				3ED828511CB8FD8600F67BB2 /* AppDelegate.swift */,
				3ED828531CB8FD8600F67BB2 /* ViewController.swift */,
				3ED828551CB8FD8600F67BB2 /* Main.storyboard */,
				3ED828581CB8FD8600F67BB2 /* Assets.xcassets */,
				3ED8285A1CB8FD8600F67BB2 /* LaunchScreen.storyboard */,
				3ED8285D1CB8FD8600F67BB2 /* Info.plist */,
			);
			path = NemoCam;
			sourceTree = "<group>";
		};
		3ED828631CB8FDA600F67BB2 /* classes */ = {
			isa = PBXGroup;
			children = (
				3ED828641CB8FDB500F67BB2 /* CameraCaptureHelper.swift */,
				3ED828661CB8FDC900F67BB2 /* ImageView.swift */,
				3ED828681CB8FE9B00F67BB2 /* CausticRefraction.swift */,
			);
			name = classes;
			sourceTree = "<group>";
		};
/* End PBXGroup section */

/* Begin PBXNativeTarget section */
		3ED8284D1CB8FD8600F67BB2 /* NemoCam */ = {
			isa = PBXNativeTarget;
			buildConfigurationList = 3ED828601CB8FD8600F67BB2 /* Build configuration list for PBXNativeTarget "NemoCam" */;
			buildPhases = (
				3ED8284A1CB8FD8600F67BB2 /* Sources */,
				3ED8284B1CB8FD8600F67BB2 /* Frameworks */,
				3ED8284C1CB8FD8600F67BB2 /* Resources */,
			);
			buildRules = (
			);
			dependencies = (
			);
			name = NemoCam;
			productName = NemoCam;
			productReference = 3ED8284E1CB8FD8600F67BB2 /* NemoCam.app */;
			productType = "com.apple.product-type.application";
		};
/* End PBXNativeTarget section */

/* Begin PBXProject section */
		3ED828461CB8FD8600F67BB2 /* Project object */ = {
			isa = PBXProject;
			attributes = {
				LastSwiftUpdateCheck = 0730;
				LastUpgradeCheck = 0730;
				ORGANIZATIONNAME = "Simon Gladman";
				TargetAttributes = {
					3ED8284D1CB8FD8600F67BB2 = {
						CreatedOnToolsVersion = 7.3;
					};
				};
			};
			buildConfigurationList = 3ED828491CB8FD8600F67BB2 /* Build configuration list for PBXProject "NemoCam" */;
			compatibilityVersion = "Xcode 3.2";
			developmentRegion = English;
			hasScannedForEncodings = 0;
			knownRegions = (
				en,
				Base,
			);
			mainGroup = 3ED828451CB8FD8600F67BB2;
			productRefGroup = 3ED8284F1CB8FD8600F67BB2 /* Products */;
			projectDirPath = "";
			projectRoot = "";
			targets = (
				3ED8284D1CB8FD8600F67BB2 /* NemoCam */,
			);
		};
/* End PBXProject section */

/* Begin PBXResourcesBuildPhase section */
		3ED8284C1CB8FD8600F67BB2 /* Resources */ = {
			isa = PBXResourcesBuildPhase;
			buildActionMask = 2147483647;
			files = (
				3ED8285C1CB8FD8600F67BB2 /* LaunchScreen.storyboard in Resources */,
				3ED828591CB8FD8600F67BB2 /* Assets.xcassets in Resources */,
				3ED828571CB8FD8600F67BB2 /* Main.storyboard in Resources */,
			);
			runOnlyForDeploymentPostprocessing = 0;
		};
/* End PBXResourcesBuildPhase section */

/* Begin PBXSourcesBuildPhase section */
		3ED8284A1CB8FD8600F67BB2 /* Sources */ = {
			isa = PBXSourcesBuildPhase;
			buildActionMask = 2147483647;
			files = (
				3ED828671CB8FDC900F67BB2 /* ImageView.swift in Sources */,
				3ED828651CB8FDB500F67BB2 /* CameraCaptureHelper.swift in Sources */,
				3ED828541CB8FD8600F67BB2 /* ViewController.swift in Sources */,
				3ED828691CB8FE9B00F67BB2 /* CausticRefraction.swift in Sources */,
				3ED828521CB8FD8600F67BB2 /* AppDelegate.swift in Sources */,
			);
			runOnlyForDeploymentPostprocessing = 0;
		};
/* End PBXSourcesBuildPhase section */

/* Begin PBXVariantGroup section */
		3ED828551CB8FD8600F67BB2 /* Main.storyboard */ = {
			isa = PBXVariantGroup;
			children = (
				3ED828561CB8FD8600F67BB2 /* Base */,
			);
			name = Main.storyboard;
			sourceTree = "<group>";
		};
		3ED8285A1CB8FD8600F67BB2 /* LaunchScreen.storyboard */ = {
			isa = PBXVariantGroup;
			children = (
				3ED8285B1CB8FD8600F67BB2 /* Base */,
			);
			name = LaunchScreen.storyboard;
			sourceTree = "<group>";
		};
/* End PBXVariantGroup section */

/* Begin XCBuildConfiguration section */
		3ED8285E1CB8FD8600F67BB2 /* Debug */ = {
			isa = XCBuildConfiguration;
			buildSettings = {
				ALWAYS_SEARCH_USER_PATHS = NO;
				CLANG_ANALYZER_NONNULL = YES;
				CLANG_CXX_LANGUAGE_STANDARD = "gnu++0x";
				CLANG_CXX_LIBRARY = "libc++";
				CLANG_ENABLE_MODULES = YES;
				CLANG_ENABLE_OBJC_ARC = YES;
				CLANG_WARN_BOOL_CONVERSION = YES;
				CLANG_WARN_CONSTANT_CONVERSION = YES;
				CLANG_WARN_DIRECT_OBJC_ISA_USAGE = YES_ERROR;
				CLANG_WARN_EMPTY_BODY = YES;
				CLANG_WARN_ENUM_CONVERSION = YES;
				CLANG_WARN_INT_CONVERSION = YES;
				CLANG_WARN_OBJC_ROOT_CLASS = YES_ERROR;
				CLANG_WARN_UNREACHABLE_CODE = YES;
				CLANG_WARN__DUPLICATE_METHOD_MATCH = YES;
				"CODE_SIGN_IDENTITY[sdk=iphoneos*]" = "iPhone Developer";
				COPY_PHASE_STRIP = NO;
				DEBUG_INFORMATION_FORMAT = dwarf;
				ENABLE_STRICT_OBJC_MSGSEND = YES;
				ENABLE_TESTABILITY = YES;
				GCC_C_LANGUAGE_STANDARD = gnu99;
				GCC_DYNAMIC_NO_PIC = NO;
				GCC_NO_COMMON_BLOCKS = YES;
				GCC_OPTIMIZATION_LEVEL = 0;
				GCC_PREPROCESSOR_DEFINITIONS = (
					"DEBUG=1",
					"$(inherited)",
				);
				GCC_WARN_64_TO_32_BIT_CONVERSION = YES;
				GCC_WARN_ABOUT_RETURN_TYPE = YES_ERROR;
				GCC_WARN_UNDECLARED_SELECTOR = YES;
				GCC_WARN_UNINITIALIZED_AUTOS = YES_AGGRESSIVE;
				GCC_WARN_UNUSED_FUNCTION = YES;
				GCC_WARN_UNUSED_VARIABLE = YES;
				IPHONEOS_DEPLOYMENT_TARGET = 9.3;
				MTL_ENABLE_DEBUG_INFO = YES;
				ONLY_ACTIVE_ARCH = YES;
				SDKROOT = iphoneos;
				SWIFT_OPTIMIZATION_LEVEL = "-Onone";
			};
			name = Debug;
		};
		3ED8285F1CB8FD8600F67BB2 /* Release */ = {
			isa = XCBuildConfiguration;
			buildSettings = {
				ALWAYS_SEARCH_USER_PATHS = NO;
				CLANG_ANALYZER_NONNULL = YES;
				CLANG_CXX_LANGUAGE_STANDARD = "gnu++0x";
				CLANG_CXX_LIBRARY = "libc++";
				CLANG_ENABLE_MODULES = YES;
				CLANG_ENABLE_OBJC_ARC = YES;
				CLANG_WARN_BOOL_CONVERSION = YES;
				CLANG_WARN_CONSTANT_CONVERSION = YES;
				CLANG_WARN_DIRECT_OBJC_ISA_USAGE = YES_ERROR;
				CLANG_WARN_EMPTY_BODY = YES;
				CLANG_WARN_ENUM_CONVERSION = YES;
				CLANG_WARN_INT_CONVERSION = YES;
				CLANG_WARN_OBJC_ROOT_CLASS = YES_ERROR;
				CLANG_WARN_UNREACHABLE_CODE = YES;
				CLANG_WARN__DUPLICATE_METHOD_MATCH = YES;
				"CODE_SIGN_IDENTITY[sdk=iphoneos*]" = "iPhone Developer";
				COPY_PHASE_STRIP = NO;
				DEBUG_INFORMATION_FORMAT = "dwarf-with-dsym";
				ENABLE_NS_ASSERTIONS = NO;
				ENABLE_STRICT_OBJC_MSGSEND = YES;
				GCC_C_LANGUAGE_STANDARD = gnu99;
				GCC_NO_COMMON_BLOCKS = YES;
				GCC_WARN_64_TO_32_BIT_CONVERSION = YES;
				GCC_WARN_ABOUT_RETURN_TYPE = YES_ERROR;
				GCC_WARN_UNDECLARED_SELECTOR = YES;
				GCC_WARN_UNINITIALIZED_AUTOS = YES_AGGRESSIVE;
				GCC_WARN_UNUSED_FUNCTION = YES;
				GCC_WARN_UNUSED_VARIABLE = YES;
				IPHONEOS_DEPLOYMENT_TARGET = 9.3;
				MTL_ENABLE_DEBUG_INFO = NO;
				SDKROOT = iphoneos;
				VALIDATE_PRODUCT = YES;
			};
			name = Release;
		};
		3ED828611CB8FD8600F67BB2 /* Debug */ = {
			isa = XCBuildConfiguration;
			buildSettings = {
				ASSETCATALOG_COMPILER_APPICON_NAME = AppIcon;
				INFOPLIST_FILE = NemoCam/Info.plist;
				LD_RUNPATH_SEARCH_PATHS = "$(inherited) @executable_path/Frameworks";
				PRODUCT_BUNDLE_IDENTIFIER = uk.co.flexmonkey.NemoCam;
				PRODUCT_NAME = "$(TARGET_NAME)";
			};
			name = Debug;
		};
		3ED828621CB8FD8600F67BB2 /* Release */ = {
			isa = XCBuildConfiguration;
			buildSettings = {
				ASSETCATALOG_COMPILER_APPICON_NAME = AppIcon;
				INFOPLIST_FILE = NemoCam/Info.plist;
				LD_RUNPATH_SEARCH_PATHS = "$(inherited) @executable_path/Frameworks";
				PRODUCT_BUNDLE_IDENTIFIER = uk.co.flexmonkey.NemoCam;
				PRODUCT_NAME = "$(TARGET_NAME)";
			};
			name = Release;
		};
/* End XCBuildConfiguration section */

/* Begin XCConfigurationList section */
		3ED828491CB8FD8600F67BB2 /* Build configuration list for PBXProject "NemoCam" */ = {
			isa = XCConfigurationList;
			buildConfigurations = (
				3ED8285E1CB8FD8600F67BB2 /* Debug */,
				3ED8285F1CB8FD8600F67BB2 /* Release */,
			);
			defaultConfigurationIsVisible = 0;
			defaultConfigurationName = Release;
		};
		3ED828601CB8FD8600F67BB2 /* Build configuration list for PBXNativeTarget "NemoCam" */ = {
			isa = XCConfigurationList;
			buildConfigurations = (
				3ED828611CB8FD8600F67BB2 /* Debug */,
				3ED828621CB8FD8600F67BB2 /* Release */,
			);
			defaultConfigurationIsVisible = 0;
		};
/* End XCConfigurationList section */
	};
	rootObject = 3ED828461CB8FD8600F67BB2 /* Project object */;
}
